
Microsoft Visual Studio Solution File, Format Version 12.00
Project("{FAE04EC0-301F-11D3-BF4B-00C04F79EFBC}") = "ArcadeMachineLauncher", "ArcadeMachineLauncher\ArcadeMachineLauncher.csproj", "{EDF46080-90A1-477B-A12F-D4755B110C43}"
EndProject
Global
	GlobalSection(SolutionConfigurationPlatforms) = preSolution
		Debug|Any CPU = Debug|Any CPU
		Release|Any CPU = Release|Any CPU
	EndGlobalSection
	GlobalSection(ProjectConfigurationPlatforms) = postSolution
		{EDF46080-90A1-477B-A12F-D4755B110C43}.Debug|Any CPU.ActiveCfg = Debug|Any CPU
		{EDF46080-90A1-477B-A12F-D4755B110C43}.Debug|Any CPU.Build.0 = Debug|Any CPU
		{EDF46080-90A1-477B-A12F-D4755B110C43}.Release|Any CPU.ActiveCfg = Release|Any CPU
		{EDF46080-90A1-477B-A12F-D4755B110C43}.Release|Any CPU.Build.0 = Release|Any CPU
	EndGlobalSection
EndGlobal
